
Microsoft Visual Studio Solution File, Format Version 12.00
# Visual Studio Version 17
VisualStudioVersion = 17.14.36310.24 d17.14
MinimumVisualStudioVersion = 10.0.40219.1
Project("{FAE04EC0-301F-11D3-BF4B-00C04F79EFBC}") = "ECommerce_Case_Study", "ECommerce_Case_Study.csproj", "{9F233D56-F3DF-4CC6-9CB7-B620675389C2}"
EndProject
Global
	GlobalSection(SolutionConfigurationPlatforms) = preSolution
		Debug|Any CPU = Debug|Any CPU
		Release|Any CPU = Release|Any CPU
	EndGlobalSection
	GlobalSection(ProjectConfigurationPlatforms) = postSolution
		{9F233D56-F3DF-4CC6-9CB7-B620675389C2}.Debug|Any CPU.ActiveCfg = Debug|Any CPU
		{9F233D56-F3DF-4CC6-9CB7-B620675389C2}.Debug|Any CPU.Build.0 = Debug|Any CPU
		{9F233D56-F3DF-4CC6-9CB7-B620675389C2}.Release|Any CPU.ActiveCfg = Release|Any CPU
		{9F233D56-F3DF-4CC6-9CB7-B620675389C2}.Release|Any CPU.Build.0 = Release|Any CPU
	EndGlobalSection
	GlobalSection(SolutionProperties) = preSolution
		HideSolutionNode = FALSE
	EndGlobalSection
	GlobalSection(ExtensibilityGlobals) = postSolution
		SolutionGuid = {A82DED3D-EF38-415A-91EA-97F1864156A2}
	EndGlobalSection
EndGlobal
